
Microsoft Visual Studio Solution File, Format Version 12.00
# Visual Studio 15
VisualStudioVersion = 15.0.28307.489
MinimumVisualStudioVersion = 10.0.40219.1
Project("{FAE04EC0-301F-11D3-BF4B-00C04F79EFBC}") = "MaszynaW", "MaszynaW\MaszynaW.csproj", "{098EAB5A-C446-44F4-9E00-E66EA2B63396}"
EndProject
Project("{FAE04EC0-301F-11D3-BF4B-00C04F79EFBC}") = "WFinterface", "WFinterface\WFinterface.csproj", "{ABDA3ECD-C25C-4C13-A155-E7FA6415C99B}"
EndProject
Global
	GlobalSection(SolutionConfigurationPlatforms) = preSolution
		Debug|Any CPU = Debug|Any CPU
		Debug|x86 = Debug|x86
		Release|Any CPU = Release|Any CPU
		Release|x86 = Release|x86
	EndGlobalSection
	GlobalSection(ProjectConfigurationPlatforms) = postSolution
		{098EAB5A-C446-44F4-9E00-E66EA2B63396}.Debug|Any CPU.ActiveCfg = Debug|Any CPU
		{098EAB5A-C446-44F4-9E00-E66EA2B63396}.Debug|Any CPU.Build.0 = Debug|Any CPU
		{098EAB5A-C446-44F4-9E00-E66EA2B63396}.Debug|x86.ActiveCfg = Debug|Any CPU
		{098EAB5A-C446-44F4-9E00-E66EA2B63396}.Debug|x86.Build.0 = Debug|Any CPU
		{098EAB5A-C446-44F4-9E00-E66EA2B63396}.Release|Any CPU.ActiveCfg = Release|Any CPU
		{098EAB5A-C446-44F4-9E00-E66EA2B63396}.Release|Any CPU.Build.0 = Release|Any CPU
		{098EAB5A-C446-44F4-9E00-E66EA2B63396}.Release|x86.ActiveCfg = Release|Any CPU
		{098EAB5A-C446-44F4-9E00-E66EA2B63396}.Release|x86.Build.0 = Release|Any CPU
		{ABDA3ECD-C25C-4C13-A155-E7FA6415C99B}.Debug|Any CPU.ActiveCfg = Debug|Any CPU
		{ABDA3ECD-C25C-4C13-A155-E7FA6415C99B}.Debug|Any CPU.Build.0 = Debug|Any CPU
		{ABDA3ECD-C25C-4C13-A155-E7FA6415C99B}.Debug|x86.ActiveCfg = Debug|Any CPU
		{ABDA3ECD-C25C-4C13-A155-E7FA6415C99B}.Debug|x86.Build.0 = Debug|Any CPU
		{ABDA3ECD-C25C-4C13-A155-E7FA6415C99B}.Release|Any CPU.ActiveCfg = Release|Any CPU
		{ABDA3ECD-C25C-4C13-A155-E7FA6415C99B}.Release|Any CPU.Build.0 = Release|Any CPU
		{ABDA3ECD-C25C-4C13-A155-E7FA6415C99B}.Release|x86.ActiveCfg = Release|Any CPU
		{ABDA3ECD-C25C-4C13-A155-E7FA6415C99B}.Release|x86.Build.0 = Release|Any CPU
	EndGlobalSection
	GlobalSection(SolutionProperties) = preSolution
		HideSolutionNode = FALSE
	EndGlobalSection
	GlobalSection(ExtensibilityGlobals) = postSolution
		SolutionGuid = {40319C68-8874-4B95-A8C3-2C25A0352BBF}
	EndGlobalSection
EndGlobal
